
Microsoft Visual Studio Solution File, Format Version 12.00
# Visual Studio 14
VisualStudioVersion = 14.0.25123.0
MinimumVisualStudioVersion = 10.0.40219.1
Project("{FAE04EC0-301F-11D3-BF4B-00C04F79EFBC}") = "ObjectPrinter", "ObjectPrinter\ObjectPrinter.csproj", "{7F10F12E-AFE7-4CB8-A1F1-805E7EDFB5F6}"
EndProject
Project("{FAE04EC0-301F-11D3-BF4B-00C04F79EFBC}") = "ObjectPrinter.Tests", "ObjectPrinter.Tests\ObjectPrinter.Tests.csproj", "{B08DF2E2-636E-413F-9460-51ACD7DA20C7}"
EndProject
Global
	GlobalSection(SolutionConfigurationPlatforms) = preSolution
		Debug|Any CPU = Debug|Any CPU
		Release|Any CPU = Release|Any CPU
	EndGlobalSection
	GlobalSection(ProjectConfigurationPlatforms) = postSolution
		{7F10F12E-AFE7-4CB8-A1F1-805E7EDFB5F6}.Debug|Any CPU.ActiveCfg = Debug|Any CPU
		{7F10F12E-AFE7-4CB8-A1F1-805E7EDFB5F6}.Debug|Any CPU.Build.0 = Debug|Any CPU
		{7F10F12E-AFE7-4CB8-A1F1-805E7EDFB5F6}.Release|Any CPU.ActiveCfg = Release|Any CPU
		{7F10F12E-AFE7-4CB8-A1F1-805E7EDFB5F6}.Release|Any CPU.Build.0 = Release|Any CPU
		{B08DF2E2-636E-413F-9460-51ACD7DA20C7}.Debug|Any CPU.ActiveCfg = Debug|Any CPU
		{B08DF2E2-636E-413F-9460-51ACD7DA20C7}.Debug|Any CPU.Build.0 = Debug|Any CPU
		{B08DF2E2-636E-413F-9460-51ACD7DA20C7}.Release|Any CPU.ActiveCfg = Release|Any CPU
		{B08DF2E2-636E-413F-9460-51ACD7DA20C7}.Release|Any CPU.Build.0 = Release|Any CPU
	EndGlobalSection
	GlobalSection(SolutionProperties) = preSolution
		HideSolutionNode = FALSE
	EndGlobalSection
EndGlobal
